
Microsoft Visual Studio Solution File, Format Version 12.00
# Visual Studio 15
VisualStudioVersion = 15.0.26730.10
MinimumVisualStudioVersion = 10.0.40219.1
Project("{FAE04EC0-301F-11D3-BF4B-00C04F79EFBC}") = "PAAS", "PAAS\PAAS.csproj", "{AA8FDCBF-6695-4614-9199-53589ACF40FF}"
EndProject
Global
	GlobalSection(SolutionConfigurationPlatforms) = preSolution
		Debug|Any CPU = Debug|Any CPU
		Release|Any CPU = Release|Any CPU
	EndGlobalSection
	GlobalSection(ProjectConfigurationPlatforms) = postSolution
		{AA8FDCBF-6695-4614-9199-53589ACF40FF}.Debug|Any CPU.ActiveCfg = Debug|Any CPU
		{AA8FDCBF-6695-4614-9199-53589ACF40FF}.Debug|Any CPU.Build.0 = Debug|Any CPU
		{AA8FDCBF-6695-4614-9199-53589ACF40FF}.Release|Any CPU.ActiveCfg = Release|Any CPU
		{AA8FDCBF-6695-4614-9199-53589ACF40FF}.Release|Any CPU.Build.0 = Release|Any CPU
	EndGlobalSection
	GlobalSection(SolutionProperties) = preSolution
		HideSolutionNode = FALSE
	EndGlobalSection
	GlobalSection(ExtensibilityGlobals) = postSolution
		SolutionGuid = {8E8C6761-633F-4B79-B0CE-980751F6AE3E}
	EndGlobalSection
EndGlobal
